{
  "pins" : [
    {
      "identity" : "magazinelayout",
      "kind" : "remoteSourceControl",
      "location" : "https://github.com/airbnb/MagazineLayout",
      "state" : {
        "branch" : "master",
        "revision" : "4a5eff2203ad8d8c7e14ea1b283b64f9320752a9"
      }
    }
  ],
  "version" : 2
}
